
Microsoft Visual Studio Solution File, Format Version 12.00
# Visual Studio 15
VisualStudioVersion = 15.0.28010.2046
MinimumVisualStudioVersion = 10.0.40219.1
Project("{FAE04EC0-301F-11D3-BF4B-00C04F79EFBC}") = "DonutAPI", "DonutAPI\DonutAPI.csproj", "{B944E750-648B-4CF7-8D00-34A535B37F87}"
EndProject
Global
	GlobalSection(SolutionConfigurationPlatforms) = preSolution
		Debug|Any CPU = Debug|Any CPU
		Release|Any CPU = Release|Any CPU
	EndGlobalSection
	GlobalSection(ProjectConfigurationPlatforms) = postSolution
		{B944E750-648B-4CF7-8D00-34A535B37F87}.Debug|Any CPU.ActiveCfg = Debug|Any CPU
		{B944E750-648B-4CF7-8D00-34A535B37F87}.Debug|Any CPU.Build.0 = Debug|Any CPU
		{B944E750-648B-4CF7-8D00-34A535B37F87}.Release|Any CPU.ActiveCfg = Release|Any CPU
		{B944E750-648B-4CF7-8D00-34A535B37F87}.Release|Any CPU.Build.0 = Release|Any CPU
	EndGlobalSection
	GlobalSection(SolutionProperties) = preSolution
		HideSolutionNode = FALSE
	EndGlobalSection
	GlobalSection(ExtensibilityGlobals) = postSolution
		SolutionGuid = {A7081D54-D72F-4C86-BD86-447463ACA45A}
	EndGlobalSection
EndGlobal
